# This file is automatically @generated by Cargo.
# It is not intended for manual editing.
version = 3

[[package]]
name = "boot-example"
version = "0.0.1"
dependencies = [
 "cc",
 "ruspiro-boot",
]

[[package]]
name = "cc"
version = "1.0.67"
source = "registry+https://github.com/rust-lang/crates.io-index"
checksum = "e3c69b077ad434294d3ce9f1f6143a2a4b89a8a2d54ef813d85003a4fd1137fd"

[[package]]
name = "cfg-if"
version = "1.0.0"
source = "registry+https://github.com/rust-lang/crates.io-index"
checksum = "baf1de4339761588bc0619e3cbc0120ee582ebb74b53b4efbf79117bd2da40fd"

[[package]]
name = "log"
version = "0.4.14"
source = "registry+https://github.com/rust-lang/crates.io-index"
checksum = "51b9bbe6c47d51fc3e1a9b945965946b4c44142ab8792c50835a980d362c2710"
dependencies = [
 "cfg-if",
]

[[package]]
name = "ruspiro-arch-aarch64"
version = "0.1.4"
source = "registry+https://github.com/rust-lang/crates.io-index"
checksum = "487585439e7a06c60294325fd1016cf5841ecf39bc388088d7fe09938a5e8050"
dependencies = [
 "ruspiro-register",
]

[[package]]
name = "ruspiro-boot"
version = "0.5.3"
dependencies = [
 "cc",
 "log",
 "ruspiro-cache",
 "ruspiro-register",
]

[[package]]
name = "ruspiro-cache"
version = "0.4.1"
source = "registry+https://github.com/rust-lang/crates.io-index"
checksum = "0ebe25a7a5c319cf5a58f368c5bc0dd3a672e4a66d0d86382194a28bc9ad92f1"
dependencies = [
 "cc",
 "ruspiro-arch-aarch64",
]

[[package]]
name = "ruspiro-register"
version = "0.5.4"
source = "registry+https://github.com/rust-lang/crates.io-index"
checksum = "161d5f7992ad812a4cf78301846265fb34ba86db288d17aa35d36c5ec72ee349"
