# This file is automatically @generated by Cargo.
# It is not intended for manual editing.
[[package]]
name = "cc"
version = "1.0.60"
source = "registry+https://github.com/rust-lang/crates.io-index"
checksum = "ef611cc68ff783f18535d77ddd080185275713d852c4f5cbb6122c462a7a825c"

[[package]]
name = "ruspiro-boot"
version = "0.3.2"
dependencies = [
 "cc",
 "ruspiro-cache",
 "ruspiro-register",
]

[[package]]
name = "ruspiro-cache"
version = "0.3.1"
source = "git+https://github.com/RusPiRo/ruspiro-cache.git#0f949693077c1c88b3dcd31feaab91bf70108a6e"
dependencies = [
 "cc",
]

[[package]]
name = "ruspiro-register"
version = "0.5.0"
source = "git+https://github.com/RusPiRo/ruspiro-register.git#e4e0f8590193e880b53d7a92c3f4aba5e9980f1b"
