# This file is automatically @generated by Cargo.
# It is not intended for manual editing.
[[package]]
name = "cc"
version = "1.0.59"
source = "registry+https://github.com/rust-lang/crates.io-index"
checksum = "66120af515773fb005778dc07c261bd201ec8ce50bd6e7144c927753fe013381"

[[package]]
name = "paste"
version = "1.0.0"
source = "registry+https://github.com/rust-lang/crates.io-index"
checksum = "f6ddc8e145de01d9180ac7b78b9676f95a9c2447f6a88b2c2a04702211bc5d71"

[[package]]
name = "proc-macro2"
version = "0.4.30"
source = "registry+https://github.com/rust-lang/crates.io-index"
checksum = "cf3d2011ab5c909338f7887f4fc896d35932e29146c12c8d01da6b22a80ba759"
dependencies = [
 "unicode-xid",
]

[[package]]
name = "quote"
version = "0.6.13"
source = "registry+https://github.com/rust-lang/crates.io-index"
checksum = "6ce23b6b870e8f94f81fb0a363d65d86675884b34a09043c81e5562f11c1f8e1"
dependencies = [
 "proc-macro2",
]

[[package]]
name = "ruspiro-boot"
version = "0.3.2"
dependencies = [
 "cc",
 "ruspiro-cache",
 "ruspiro-console",
 "ruspiro-interrupt",
 "ruspiro-mailbox",
 "ruspiro-register",
 "ruspiro-timer",
 "ruspiro-uart",
]

[[package]]
name = "ruspiro-cache"
version = "0.3.1"
source = "git+https://github.com/RusPiRo/ruspiro-cache.git#0f949693077c1c88b3dcd31feaab91bf70108a6e"
dependencies = [
 "cc",
]

[[package]]
name = "ruspiro-console"
version = "0.3.2"
source = "git+https://github.com/RusPiRo/ruspiro-console.git#6d51a39e7d4d8dbdad86031e17d7e0c094f6d59e"
dependencies = [
 "ruspiro-singleton",
]

[[package]]
name = "ruspiro-gpio"
version = "0.4.1"
source = "registry+https://github.com/rust-lang/crates.io-index"
checksum = "1fb6d071b1e951ddf413780b27867f4f3de1c6b1dbe5a71cf0405b0fb0d34987"
dependencies = [
 "ruspiro-interrupt",
 "ruspiro-register",
 "ruspiro-singleton",
]

[[package]]
name = "ruspiro-interrupt"
version = "0.3.1"
source = "git+https://github.com/RusPiRo/ruspiro-interrupt.git#091aac42d49b1002fee2b3963b98cd8139337ec9"
dependencies = [
 "paste",
 "ruspiro-interrupt-core",
 "ruspiro-interrupt-macros",
 "ruspiro-register",
 "ruspiro-singleton",
]

[[package]]
name = "ruspiro-interrupt-core"
version = "0.3.1"
source = "registry+https://github.com/rust-lang/crates.io-index"
checksum = "7a66c32c121cae6b350b8af3c5eac9c075432c45c1b2720a4260ee35cde5b5c7"

[[package]]
name = "ruspiro-interrupt-macros"
version = "0.2.1"
source = "registry+https://github.com/rust-lang/crates.io-index"
checksum = "3bf47835aae38b0614fb790f4f3ba175fbafeeb02ba16ec8f430ef5268825b65"
dependencies = [
 "quote",
 "syn",
]

[[package]]
name = "ruspiro-lock"
version = "0.3.3"
source = "registry+https://github.com/rust-lang/crates.io-index"
checksum = "28a74399234c9f843b72a0a9e081d2723239c9b6b7cbd53a28a23feedaa875f8"

[[package]]
name = "ruspiro-mailbox"
version = "0.3.1"
source = "git+https://github.com/RusPiRo/ruspiro-mailbox.git#438d4778628ac3df366dc0c9a924ce21c3fdc9f7"
dependencies = [
 "paste",
 "ruspiro-cache",
 "ruspiro-console",
 "ruspiro-register",
 "ruspiro-singleton",
]

[[package]]
name = "ruspiro-register"
version = "0.4.3"
source = "git+https://github.com/RusPiRo/ruspiro-register.git#6ae800d4bdc1ac7075576d2176c9f1cbd7ff0dc7"

[[package]]
name = "ruspiro-singleton"
version = "0.3.1"
source = "registry+https://github.com/rust-lang/crates.io-index"
checksum = "efd974e18daa37ac41fae758cc3dc3d54cd1193896ffa6fc2f3afd5663f5e2da"
dependencies = [
 "ruspiro-lock",
]

[[package]]
name = "ruspiro-timer"
version = "0.4.1"
source = "git+https://github.com/RusPiRo/ruspiro-timer.git#d0d87e4ec58b031b8d2cbefddeca5154e3fee0b5"
dependencies = [
 "ruspiro-interrupt",
 "ruspiro-register",
 "ruspiro-singleton",
]

[[package]]
name = "ruspiro-uart"
version = "0.3.1"
source = "git+https://github.com/RusPiRo/ruspiro-uart.git#050e894f039fd14bd189b3d939fb3d67345cf322"
dependencies = [
 "ruspiro-console",
 "ruspiro-gpio",
 "ruspiro-register",
 "ruspiro-timer",
]

[[package]]
name = "syn"
version = "0.15.44"
source = "registry+https://github.com/rust-lang/crates.io-index"
checksum = "9ca4b3b69a77cbe1ffc9e198781b7acb0c7365a883670e8f1c1bc66fba79a5c5"
dependencies = [
 "proc-macro2",
 "quote",
 "unicode-xid",
]

[[package]]
name = "unicode-xid"
version = "0.1.0"
source = "registry+https://github.com/rust-lang/crates.io-index"
checksum = "fc72304796d0818e357ead4e000d19c9c174ab23dc11093ac919054d20a6a7fc"
