# This file is automatically @generated by Cargo.
# It is not intended for manual editing.
version = 3

[[package]]
name = "cc"
version = "1.0.67"
source = "registry+https://github.com/rust-lang/crates.io-index"
checksum = "e3c69b077ad434294d3ce9f1f6143a2a4b89a8a2d54ef813d85003a4fd1137fd"

[[package]]
name = "cfg-if"
version = "1.0.0"
source = "registry+https://github.com/rust-lang/crates.io-index"
checksum = "baf1de4339761588bc0619e3cbc0120ee582ebb74b53b4efbf79117bd2da40fd"

[[package]]
name = "log"
version = "0.4.14"
source = "registry+https://github.com/rust-lang/crates.io-index"
checksum = "51b9bbe6c47d51fc3e1a9b945965946b4c44142ab8792c50835a980d362c2710"
dependencies = [
 "cfg-if",
]

[[package]]
name = "ruspiro-arch-aarch64"
version = "0.1.4"
source = "registry+https://github.com/rust-lang/crates.io-index"
checksum = "487585439e7a06c60294325fd1016cf5841ecf39bc388088d7fe09938a5e8050"
dependencies = [
 "ruspiro-register",
]

[[package]]
name = "ruspiro-boot"
version = "0.5.3"
dependencies = [
 "cc",
 "log",
 "ruspiro-cache",
 "ruspiro-register",
]

[[package]]
name = "ruspiro-cache"
version = "0.4.1"
source = "git+https://github.com/RusPiRo/ruspiro-cache.git?branch=development#d950d9b259af78029167fc0341c4afa82eff8ca7"
dependencies = [
 "cc",
 "ruspiro-arch-aarch64",
]

[[package]]
name = "ruspiro-register"
version = "0.5.4"
source = "git+https://github.com/RusPiRo/ruspiro-register.git?branch=development#455ccee004af3c0b13136fd993277d13c6ac8949"
